
Microsoft Visual Studio Solution File, Format Version 12.00
# Visual Studio 14
VisualStudioVersion = 14.0.25420.1
MinimumVisualStudioVersion = 10.0.40219.1
Project("{8BC9CEB8-8B4A-11D0-8D11-00A0C91BC942}") = "SimpleLinkedList", "SimpleLinkedList\SimpleLinkedList.vcxproj", "{3E8EF626-B12B-416D-8086-A5C83BE44805}"
EndProject
Project("{8BC9CEB8-8B4A-11D0-8D11-00A0C91BC942}") = "CircularLinkedList", "CircularLinkedList\CircularLinkedList.vcxproj", "{5AE021E4-76B9-4E12-9C56-BC5F41DA5EA4}"
EndProject
Project("{8BC9CEB8-8B4A-11D0-8D11-00A0C91BC942}") = "DoubleLinkedList", "DoubleLinkedList\DoubleLinkedList.vcxproj", "{C57FC70E-E7F9-473E-91D4-9388EBA7C60C}"
EndProject
Project("{8BC9CEB8-8B4A-11D0-8D11-00A0C91BC942}") = "ArrayStack", "ArrayStack\ArrayStack.vcxproj", "{B5124FD2-BCBC-475A-B8FB-CEAAA3B2ADA6}"
EndProject
Project("{8BC9CEB8-8B4A-11D0-8D11-00A0C91BC942}") = "ListStack", "ListStack\ListStack.vcxproj", "{345EA055-19F7-4E3F-B29D-E84B0E3866DB}"
EndProject
Project("{8BC9CEB8-8B4A-11D0-8D11-00A0C91BC942}") = "CircularArrayQueue", "CircularArrayQueue\CircularArrayQueue.vcxproj", "{A786E8B6-252D-438D-B1B6-CCB0D12643F8}"
EndProject
Project("{8BC9CEB8-8B4A-11D0-8D11-00A0C91BC942}") = "ListQueue", "ListQueue\ListQueue.vcxproj", "{CA8DF41F-302F-4018-9DE6-92C8620C57F2}"
EndProject
Project("{8BC9CEB8-8B4A-11D0-8D11-00A0C91BC942}") = "SelectionSort", "SelectionSort\SelectionSort.vcxproj", "{72BCE88B-32F1-4560-90D0-4B4601F9E6EA}"
EndProject
Project("{8BC9CEB8-8B4A-11D0-8D11-00A0C91BC942}") = "Common", "Common\Common.vcxproj", "{772C9D37-A749-45C1-8DED-D3D24A49A9A2}"
EndProject
Project("{8BC9CEB8-8B4A-11D0-8D11-00A0C91BC942}") = "InsertionSort", "InsertionSort\InsertionSort.vcxproj", "{8725454E-C0DD-4457-B11E-126E4C2606B1}"
EndProject
Project("{8BC9CEB8-8B4A-11D0-8D11-00A0C91BC942}") = "BubbleSort", "BubbleSort\BubbleSort.vcxproj", "{1F93E203-9D70-441D-8048-A7EE35778BC3}"
EndProject
Project("{8BC9CEB8-8B4A-11D0-8D11-00A0C91BC942}") = "QuickSort", "QuickSort\QuickSort.vcxproj", "{A98FB464-36B1-431B-AD7A-689B708EAA8B}"
EndProject
Project("{8BC9CEB8-8B4A-11D0-8D11-00A0C91BC942}") = "DistCountSort", "DistCounting\DistCounting.vcxproj", "{F2965578-E77E-4884-A1E4-87B5732452E6}"
EndProject
Global
	GlobalSection(SolutionConfigurationPlatforms) = preSolution
		Debug|x64 = Debug|x64
		Debug|x86 = Debug|x86
		Release|x64 = Release|x64
		Release|x86 = Release|x86
	EndGlobalSection
	GlobalSection(ProjectConfigurationPlatforms) = postSolution
		{3E8EF626-B12B-416D-8086-A5C83BE44805}.Debug|x64.ActiveCfg = Debug|x64
		{3E8EF626-B12B-416D-8086-A5C83BE44805}.Debug|x64.Build.0 = Debug|x64
		{3E8EF626-B12B-416D-8086-A5C83BE44805}.Debug|x86.ActiveCfg = Debug|Win32
		{3E8EF626-B12B-416D-8086-A5C83BE44805}.Debug|x86.Build.0 = Debug|Win32
		{3E8EF626-B12B-416D-8086-A5C83BE44805}.Release|x64.ActiveCfg = Release|x64
		{3E8EF626-B12B-416D-8086-A5C83BE44805}.Release|x64.Build.0 = Release|x64
		{3E8EF626-B12B-416D-8086-A5C83BE44805}.Release|x86.ActiveCfg = Release|Win32
		{3E8EF626-B12B-416D-8086-A5C83BE44805}.Release|x86.Build.0 = Release|Win32
		{5AE021E4-76B9-4E12-9C56-BC5F41DA5EA4}.Debug|x64.ActiveCfg = Debug|x64
		{5AE021E4-76B9-4E12-9C56-BC5F41DA5EA4}.Debug|x64.Build.0 = Debug|x64
		{5AE021E4-76B9-4E12-9C56-BC5F41DA5EA4}.Debug|x86.ActiveCfg = Debug|Win32
		{5AE021E4-76B9-4E12-9C56-BC5F41DA5EA4}.Debug|x86.Build.0 = Debug|Win32
		{5AE021E4-76B9-4E12-9C56-BC5F41DA5EA4}.Release|x64.ActiveCfg = Release|x64
		{5AE021E4-76B9-4E12-9C56-BC5F41DA5EA4}.Release|x64.Build.0 = Release|x64
		{5AE021E4-76B9-4E12-9C56-BC5F41DA5EA4}.Release|x86.ActiveCfg = Release|Win32
		{5AE021E4-76B9-4E12-9C56-BC5F41DA5EA4}.Release|x86.Build.0 = Release|Win32
		{C57FC70E-E7F9-473E-91D4-9388EBA7C60C}.Debug|x64.ActiveCfg = Debug|x64
		{C57FC70E-E7F9-473E-91D4-9388EBA7C60C}.Debug|x64.Build.0 = Debug|x64
		{C57FC70E-E7F9-473E-91D4-9388EBA7C60C}.Debug|x86.ActiveCfg = Debug|Win32
		{C57FC70E-E7F9-473E-91D4-9388EBA7C60C}.Debug|x86.Build.0 = Debug|Win32
		{C57FC70E-E7F9-473E-91D4-9388EBA7C60C}.Release|x64.ActiveCfg = Release|x64
		{C57FC70E-E7F9-473E-91D4-9388EBA7C60C}.Release|x64.Build.0 = Release|x64
		{C57FC70E-E7F9-473E-91D4-9388EBA7C60C}.Release|x86.ActiveCfg = Release|Win32
		{C57FC70E-E7F9-473E-91D4-9388EBA7C60C}.Release|x86.Build.0 = Release|Win32
		{B5124FD2-BCBC-475A-B8FB-CEAAA3B2ADA6}.Debug|x64.ActiveCfg = Debug|x64
		{B5124FD2-BCBC-475A-B8FB-CEAAA3B2ADA6}.Debug|x64.Build.0 = Debug|x64
		{B5124FD2-BCBC-475A-B8FB-CEAAA3B2ADA6}.Debug|x86.ActiveCfg = Debug|Win32
		{B5124FD2-BCBC-475A-B8FB-CEAAA3B2ADA6}.Debug|x86.Build.0 = Debug|Win32
		{B5124FD2-BCBC-475A-B8FB-CEAAA3B2ADA6}.Release|x64.ActiveCfg = Release|x64
		{B5124FD2-BCBC-475A-B8FB-CEAAA3B2ADA6}.Release|x64.Build.0 = Release|x64
		{B5124FD2-BCBC-475A-B8FB-CEAAA3B2ADA6}.Release|x86.ActiveCfg = Release|Win32
		{B5124FD2-BCBC-475A-B8FB-CEAAA3B2ADA6}.Release|x86.Build.0 = Release|Win32
		{345EA055-19F7-4E3F-B29D-E84B0E3866DB}.Debug|x64.ActiveCfg = Debug|x64
		{345EA055-19F7-4E3F-B29D-E84B0E3866DB}.Debug|x64.Build.0 = Debug|x64
		{345EA055-19F7-4E3F-B29D-E84B0E3866DB}.Debug|x86.ActiveCfg = Debug|Win32
		{345EA055-19F7-4E3F-B29D-E84B0E3866DB}.Debug|x86.Build.0 = Debug|Win32
		{345EA055-19F7-4E3F-B29D-E84B0E3866DB}.Release|x64.ActiveCfg = Release|x64
		{345EA055-19F7-4E3F-B29D-E84B0E3866DB}.Release|x64.Build.0 = Release|x64
		{345EA055-19F7-4E3F-B29D-E84B0E3866DB}.Release|x86.ActiveCfg = Release|Win32
		{345EA055-19F7-4E3F-B29D-E84B0E3866DB}.Release|x86.Build.0 = Release|Win32
		{A786E8B6-252D-438D-B1B6-CCB0D12643F8}.Debug|x64.ActiveCfg = Debug|x64
		{A786E8B6-252D-438D-B1B6-CCB0D12643F8}.Debug|x64.Build.0 = Debug|x64
		{A786E8B6-252D-438D-B1B6-CCB0D12643F8}.Debug|x86.ActiveCfg = Debug|Win32
		{A786E8B6-252D-438D-B1B6-CCB0D12643F8}.Debug|x86.Build.0 = Debug|Win32
		{A786E8B6-252D-438D-B1B6-CCB0D12643F8}.Release|x64.ActiveCfg = Release|x64
		{A786E8B6-252D-438D-B1B6-CCB0D12643F8}.Release|x64.Build.0 = Release|x64
		{A786E8B6-252D-438D-B1B6-CCB0D12643F8}.Release|x86.ActiveCfg = Release|Win32
		{A786E8B6-252D-438D-B1B6-CCB0D12643F8}.Release|x86.Build.0 = Release|Win32
		{CA8DF41F-302F-4018-9DE6-92C8620C57F2}.Debug|x64.ActiveCfg = Debug|x64
		{CA8DF41F-302F-4018-9DE6-92C8620C57F2}.Debug|x64.Build.0 = Debug|x64
		{CA8DF41F-302F-4018-9DE6-92C8620C57F2}.Debug|x86.ActiveCfg = Debug|Win32
		{CA8DF41F-302F-4018-9DE6-92C8620C57F2}.Debug|x86.Build.0 = Debug|Win32
		{CA8DF41F-302F-4018-9DE6-92C8620C57F2}.Release|x64.ActiveCfg = Release|x64
		{CA8DF41F-302F-4018-9DE6-92C8620C57F2}.Release|x64.Build.0 = Release|x64
		{CA8DF41F-302F-4018-9DE6-92C8620C57F2}.Release|x86.ActiveCfg = Release|Win32
		{CA8DF41F-302F-4018-9DE6-92C8620C57F2}.Release|x86.Build.0 = Release|Win32
		{72BCE88B-32F1-4560-90D0-4B4601F9E6EA}.Debug|x64.ActiveCfg = Debug|x64
		{72BCE88B-32F1-4560-90D0-4B4601F9E6EA}.Debug|x64.Build.0 = Debug|x64
		{72BCE88B-32F1-4560-90D0-4B4601F9E6EA}.Debug|x86.ActiveCfg = Debug|Win32
		{72BCE88B-32F1-4560-90D0-4B4601F9E6EA}.Debug|x86.Build.0 = Debug|Win32
		{72BCE88B-32F1-4560-90D0-4B4601F9E6EA}.Release|x64.ActiveCfg = Release|x64
		{72BCE88B-32F1-4560-90D0-4B4601F9E6EA}.Release|x64.Build.0 = Release|x64
		{72BCE88B-32F1-4560-90D0-4B4601F9E6EA}.Release|x86.ActiveCfg = Release|Win32
		{72BCE88B-32F1-4560-90D0-4B4601F9E6EA}.Release|x86.Build.0 = Release|Win32
		{772C9D37-A749-45C1-8DED-D3D24A49A9A2}.Debug|x64.ActiveCfg = Debug|x64
		{772C9D37-A749-45C1-8DED-D3D24A49A9A2}.Debug|x64.Build.0 = Debug|x64
		{772C9D37-A749-45C1-8DED-D3D24A49A9A2}.Debug|x86.ActiveCfg = Debug|Win32
		{772C9D37-A749-45C1-8DED-D3D24A49A9A2}.Debug|x86.Build.0 = Debug|Win32
		{772C9D37-A749-45C1-8DED-D3D24A49A9A2}.Release|x64.ActiveCfg = Release|x64
		{772C9D37-A749-45C1-8DED-D3D24A49A9A2}.Release|x64.Build.0 = Release|x64
		{772C9D37-A749-45C1-8DED-D3D24A49A9A2}.Release|x86.ActiveCfg = Release|Win32
		{772C9D37-A749-45C1-8DED-D3D24A49A9A2}.Release|x86.Build.0 = Release|Win32
		{8725454E-C0DD-4457-B11E-126E4C2606B1}.Debug|x64.ActiveCfg = Debug|x64
		{8725454E-C0DD-4457-B11E-126E4C2606B1}.Debug|x64.Build.0 = Debug|x64
		{8725454E-C0DD-4457-B11E-126E4C2606B1}.Debug|x86.ActiveCfg = Debug|Win32
		{8725454E-C0DD-4457-B11E-126E4C2606B1}.Debug|x86.Build.0 = Debug|Win32
		{8725454E-C0DD-4457-B11E-126E4C2606B1}.Release|x64.ActiveCfg = Release|x64
		{8725454E-C0DD-4457-B11E-126E4C2606B1}.Release|x64.Build.0 = Release|x64
		{8725454E-C0DD-4457-B11E-126E4C2606B1}.Release|x86.ActiveCfg = Release|Win32
		{8725454E-C0DD-4457-B11E-126E4C2606B1}.Release|x86.Build.0 = Release|Win32
		{1F93E203-9D70-441D-8048-A7EE35778BC3}.Debug|x64.ActiveCfg = Debug|x64
		{1F93E203-9D70-441D-8048-A7EE35778BC3}.Debug|x64.Build.0 = Debug|x64
		{1F93E203-9D70-441D-8048-A7EE35778BC3}.Debug|x86.ActiveCfg = Debug|Win32
		{1F93E203-9D70-441D-8048-A7EE35778BC3}.Debug|x86.Build.0 = Debug|Win32
		{1F93E203-9D70-441D-8048-A7EE35778BC3}.Release|x64.ActiveCfg = Release|x64
		{1F93E203-9D70-441D-8048-A7EE35778BC3}.Release|x64.Build.0 = Release|x64
		{1F93E203-9D70-441D-8048-A7EE35778BC3}.Release|x86.ActiveCfg = Release|Win32
		{1F93E203-9D70-441D-8048-A7EE35778BC3}.Release|x86.Build.0 = Release|Win32
		{A98FB464-36B1-431B-AD7A-689B708EAA8B}.Debug|x64.ActiveCfg = Debug|x64
		{A98FB464-36B1-431B-AD7A-689B708EAA8B}.Debug|x64.Build.0 = Debug|x64
		{A98FB464-36B1-431B-AD7A-689B708EAA8B}.Debug|x86.ActiveCfg = Debug|Win32
		{A98FB464-36B1-431B-AD7A-689B708EAA8B}.Debug|x86.Build.0 = Debug|Win32
		{A98FB464-36B1-431B-AD7A-689B708EAA8B}.Release|x64.ActiveCfg = Release|x64
		{A98FB464-36B1-431B-AD7A-689B708EAA8B}.Release|x64.Build.0 = Release|x64
		{A98FB464-36B1-431B-AD7A-689B708EAA8B}.Release|x86.ActiveCfg = Release|Win32
		{A98FB464-36B1-431B-AD7A-689B708EAA8B}.Release|x86.Build.0 = Release|Win32
		{F2965578-E77E-4884-A1E4-87B5732452E6}.Debug|x64.ActiveCfg = Debug|x64
		{F2965578-E77E-4884-A1E4-87B5732452E6}.Debug|x64.Build.0 = Debug|x64
		{F2965578-E77E-4884-A1E4-87B5732452E6}.Debug|x86.ActiveCfg = Debug|Win32
		{F2965578-E77E-4884-A1E4-87B5732452E6}.Debug|x86.Build.0 = Debug|Win32
		{F2965578-E77E-4884-A1E4-87B5732452E6}.Release|x64.ActiveCfg = Release|x64
		{F2965578-E77E-4884-A1E4-87B5732452E6}.Release|x64.Build.0 = Release|x64
		{F2965578-E77E-4884-A1E4-87B5732452E6}.Release|x86.ActiveCfg = Release|Win32
		{F2965578-E77E-4884-A1E4-87B5732452E6}.Release|x86.Build.0 = Release|Win32
	EndGlobalSection
	GlobalSection(SolutionProperties) = preSolution
		HideSolutionNode = FALSE
	EndGlobalSection
EndGlobal
