<?xml version="1.0" encoding="utf-8"?>
<Project ToolsVersion="4.0" xmlns="http://schemas.microsoft.com/developer/msbuild/2003">
  <ItemGroup>
    <Filter Include="Source Files">
      <UniqueIdentifier>{3c64815d-36d2-4540-9de0-c71a57a1cc51}</UniqueIdentifier>
      <Extensions>cpp;c;cxx;rc;def;r;odl;idl;hpj;bat</Extensions>
    </Filter>
    <Filter Include="Header Files">
      <UniqueIdentifier>{54f17588-ce8b-4e51-97ee-d2c4c4722212}</UniqueIdentifier>
      <Extensions>h;hpp;hxx;hm;inl</Extensions>
    </Filter>
    <Filter Include="Resource Files">
      <UniqueIdentifier>{969bb663-412f-41be-add9-ffe1799d1b2a}</UniqueIdentifier>
      <Extensions>ico;cur;bmp;dlg;rc2;rct;bin;rgs;gif;jpg;jpeg;jpe</Extensions>
    </Filter>
  </ItemGroup>
  <ItemGroup>
    <ClCompile Include="ChildView.cpp">
      <Filter>Source Files</Filter>
    </ClCompile>
    <ClCompile Include="DlgNode.cpp">
      <Filter>Source Files</Filter>
    </ClCompile>
    <ClCompile Include="DrawBinTree.cpp">
      <Filter>Source Files</Filter>
    </ClCompile>
    <ClCompile Include="DrawBTreeMap.cpp">
      <Filter>Source Files</Filter>
    </ClCompile>
    <ClCompile Include="DrawChainMap.cpp">
      <Filter>Source Files</Filter>
    </ClCompile>
    <ClCompile Include="DrawHashMap.cpp">
      <Filter>Source Files</Filter>
    </ClCompile>
    <ClCompile Include="DrawRadixTreeMap.cpp">
      <Filter>Source Files</Filter>
    </ClCompile>
    <ClCompile Include="DrawRadixTrieMap.cpp">
      <Filter>Source Files</Filter>
    </ClCompile>
    <ClCompile Include="DrawRBTreeMap.cpp">
      <Filter>Source Files</Filter>
    </ClCompile>
    <ClCompile Include="MainFrm.cpp">
      <Filter>Source Files</Filter>
    </ClCompile>
    <ClCompile Include="StdAfx.cpp">
      <Filter>Source Files</Filter>
    </ClCompile>
    <ClCompile Include="VisualBinTree.cpp">
      <Filter>Source Files</Filter>
    </ClCompile>
  </ItemGroup>
  <ItemGroup>
    <ResourceCompile Include="VisualBinTree.rc">
      <Filter>Source Files</Filter>
    </ResourceCompile>
  </ItemGroup>
  <ItemGroup>
    <ClInclude Include="ChildView.h">
      <Filter>Header Files</Filter>
    </ClInclude>
    <ClInclude Include="DlgNode.h">
      <Filter>Header Files</Filter>
    </ClInclude>
    <ClInclude Include="DrawBinTree.h">
      <Filter>Header Files</Filter>
    </ClInclude>
    <ClInclude Include="DrawBTreeMap.h">
      <Filter>Header Files</Filter>
    </ClInclude>
    <ClInclude Include="DrawChainMap.h">
      <Filter>Header Files</Filter>
    </ClInclude>
    <ClInclude Include="DrawHashMap.h">
      <Filter>Header Files</Filter>
    </ClInclude>
    <ClInclude Include="DrawRadixTreeMap.h">
      <Filter>Header Files</Filter>
    </ClInclude>
    <ClInclude Include="DrawRadixTrieMap.h">
      <Filter>Header Files</Filter>
    </ClInclude>
    <ClInclude Include="DrawRBTreeMap.h">
      <Filter>Header Files</Filter>
    </ClInclude>
    <ClInclude Include="MainFrm.h">
      <Filter>Header Files</Filter>
    </ClInclude>
    <ClInclude Include="Resource.h">
      <Filter>Header Files</Filter>
    </ClInclude>
    <ClInclude Include="StdAfx.h">
      <Filter>Header Files</Filter>
    </ClInclude>
    <ClInclude Include="VisualBinTree.h">
      <Filter>Header Files</Filter>
    </ClInclude>
  </ItemGroup>
  <ItemGroup>
    <Image Include="res\Toolbar.bmp">
      <Filter>Resource Files</Filter>
    </Image>
    <Image Include="res\VisualBinTree.ico">
      <Filter>Resource Files</Filter>
    </Image>
  </ItemGroup>
  <ItemGroup>
    <Text Include="ReadMe.txt" />
  </ItemGroup>
  <ItemGroup>
    <CustomBuild Include="res\VisualBinTree.rc2">
      <Filter>Resource Files</Filter>
    </CustomBuild>
  </ItemGroup>
</Project>